
Microsoft Visual Studio Solution File, Format Version 12.00
# Visual Studio Version 17
VisualStudioVersion = 17.8.34330.188
MinimumVisualStudioVersion = 10.0.40219.1
Project("{9A19103F-16F7-4668-BE54-9A1E7A4F7556}") = "BuildManager.Client", "BuildManager.Client\BuildManager.Client.csproj", "{C71D6A16-AA09-46CA-9D8C-F76C29C9D3F4}"
EndProject
Project("{9092AA53-FB77-4645-B42D-1CCCA6BD08BD}") = "BuildManager.Web", "BuildManager.Web\BuildManager.Web.njsproj", "{46DE2BE1-CFEF-4A0E-AB3F-DFA5821E5FAF}"
EndProject
Global
	GlobalSection(SolutionConfigurationPlatforms) = preSolution
		BuildManagerClientConfig|Any CPU = BuildManagerClientConfig|Any CPU
		BuildManagerWebConfig|Any CPU = BuildManagerWebConfig|Any CPU
		Debug|Any CPU = Debug|Any CPU
		Release|Any CPU = Release|Any CPU
	EndGlobalSection
	GlobalSection(ProjectConfigurationPlatforms) = postSolution
		{C71D6A16-AA09-46CA-9D8C-F76C29C9D3F4}.BuildManagerClientConfig|Any CPU.ActiveCfg = BuildManagerClientConfig|Any CPU
		{C71D6A16-AA09-46CA-9D8C-F76C29C9D3F4}.BuildManagerClientConfig|Any CPU.Build.0 = BuildManagerClientConfig|Any CPU
		{C71D6A16-AA09-46CA-9D8C-F76C29C9D3F4}.BuildManagerClientConfig|Any CPU.Deploy.0 = BuildManagerClientConfig|Any CPU
		{C71D6A16-AA09-46CA-9D8C-F76C29C9D3F4}.BuildManagerWebConfig|Any CPU.ActiveCfg = BuildManagerClientConfig|Any CPU
		{C71D6A16-AA09-46CA-9D8C-F76C29C9D3F4}.BuildManagerWebConfig|Any CPU.Build.0 = BuildManagerClientConfig|Any CPU
		{C71D6A16-AA09-46CA-9D8C-F76C29C9D3F4}.BuildManagerWebConfig|Any CPU.Deploy.0 = BuildManagerClientConfig|Any CPU
		{C71D6A16-AA09-46CA-9D8C-F76C29C9D3F4}.Debug|Any CPU.ActiveCfg = Debug|Any CPU
		{C71D6A16-AA09-46CA-9D8C-F76C29C9D3F4}.Debug|Any CPU.Build.0 = Debug|Any CPU
		{C71D6A16-AA09-46CA-9D8C-F76C29C9D3F4}.Debug|Any CPU.Deploy.0 = Debug|Any CPU
		{C71D6A16-AA09-46CA-9D8C-F76C29C9D3F4}.Release|Any CPU.ActiveCfg = Release|Any CPU
		{C71D6A16-AA09-46CA-9D8C-F76C29C9D3F4}.Release|Any CPU.Build.0 = Release|Any CPU
		{C71D6A16-AA09-46CA-9D8C-F76C29C9D3F4}.Release|Any CPU.Deploy.0 = Release|Any CPU
		{46DE2BE1-CFEF-4A0E-AB3F-DFA5821E5FAF}.BuildManagerClientConfig|Any CPU.ActiveCfg = BuildManagerClientConfig|Any CPU
		{46DE2BE1-CFEF-4A0E-AB3F-DFA5821E5FAF}.BuildManagerWebConfig|Any CPU.ActiveCfg = BuildManagerWebConfig|Any CPU
		{46DE2BE1-CFEF-4A0E-AB3F-DFA5821E5FAF}.BuildManagerWebConfig|Any CPU.Build.0 = BuildManagerWebConfig|Any CPU
		{46DE2BE1-CFEF-4A0E-AB3F-DFA5821E5FAF}.Debug|Any CPU.ActiveCfg = Debug|Any CPU
		{46DE2BE1-CFEF-4A0E-AB3F-DFA5821E5FAF}.Debug|Any CPU.Build.0 = Debug|Any CPU
		{46DE2BE1-CFEF-4A0E-AB3F-DFA5821E5FAF}.Release|Any CPU.ActiveCfg = Release|Any CPU
		{46DE2BE1-CFEF-4A0E-AB3F-DFA5821E5FAF}.Release|Any CPU.Build.0 = Release|Any CPU
	EndGlobalSection
	GlobalSection(SolutionProperties) = preSolution
		HideSolutionNode = FALSE
	EndGlobalSection
	GlobalSection(ExtensibilityGlobals) = postSolution
		SolutionGuid = {C05F5BD8-4BD0-4C02-91D8-9C2A3429328D}
	EndGlobalSection
EndGlobal
