
Microsoft Visual Studio Solution File, Format Version 12.00
# Visual Studio Version 17
VisualStudioVersion = 17.8.34330.188
MinimumVisualStudioVersion = 10.0.40219.1
Project("{FAE04EC0-301F-11D3-BF4B-00C04F79EFBC}") = "BuildManager.WebApp.Server", "BuildManager.WebApp.Server\BuildManager.WebApp.Server.csproj", "{22548F08-CA57-4115-A648-38AE3B0FE598}"
EndProject
Project("{54A90642-561A-4BB1-A94E-469ADEE60C69}") = "buildmanager.webapp.client", "buildmanager.webapp.client\buildmanager.webapp.client.esproj", "{38ED36FA-E4AB-4CED-B737-A626F55405E5}"
EndProject
Global
	GlobalSection(SolutionConfigurationPlatforms) = preSolution
		Debug|Any CPU = Debug|Any CPU
		Release|Any CPU = Release|Any CPU
	EndGlobalSection
	GlobalSection(ProjectConfigurationPlatforms) = postSolution
		{22548F08-CA57-4115-A648-38AE3B0FE598}.Debug|Any CPU.ActiveCfg = Debug|Any CPU
		{22548F08-CA57-4115-A648-38AE3B0FE598}.Debug|Any CPU.Build.0 = Debug|Any CPU
		{22548F08-CA57-4115-A648-38AE3B0FE598}.Release|Any CPU.ActiveCfg = Release|Any CPU
		{22548F08-CA57-4115-A648-38AE3B0FE598}.Release|Any CPU.Build.0 = Release|Any CPU
		{38ED36FA-E4AB-4CED-B737-A626F55405E5}.Debug|Any CPU.ActiveCfg = Debug|Any CPU
		{38ED36FA-E4AB-4CED-B737-A626F55405E5}.Debug|Any CPU.Build.0 = Debug|Any CPU
		{38ED36FA-E4AB-4CED-B737-A626F55405E5}.Debug|Any CPU.Deploy.0 = Debug|Any CPU
		{38ED36FA-E4AB-4CED-B737-A626F55405E5}.Release|Any CPU.ActiveCfg = Release|Any CPU
		{38ED36FA-E4AB-4CED-B737-A626F55405E5}.Release|Any CPU.Build.0 = Release|Any CPU
		{38ED36FA-E4AB-4CED-B737-A626F55405E5}.Release|Any CPU.Deploy.0 = Release|Any CPU
	EndGlobalSection
	GlobalSection(SolutionProperties) = preSolution
		HideSolutionNode = FALSE
	EndGlobalSection
	GlobalSection(ExtensibilityGlobals) = postSolution
		SolutionGuid = {C05F5BD8-4BD0-4C02-91D8-9C2A3429328D}
	EndGlobalSection
EndGlobal
